# This file was autogenerated by Stack.
# You should not edit this file by hand.
# For more information, please see the documentation at:
#   https://docs.haskellstack.org/en/stable/lock_files

packages:
- completed:
    hackage: amazonka-ec2-1.6.1@sha256:208908e8a30937a3ec640e8b53de2708d805a28c3900dbf447db12a61d9b7a50,16305
    pantry-tree:
      size: 67057
      sha256: e46eaecb67eef0f7bdfa37120e54cc9633c2940cca8be4377eb93eecaa511a96
  original:
    hackage: amazonka-ec2-1.6.1@sha256:208908e8a30937a3ec640e8b53de2708d805a28c3900dbf447db12a61d9b7a50,16305
snapshots:
- completed:
    size: 534126
    url: https://raw.githubusercontent.com/commercialhaskell/stackage-snapshots/master/lts/16/31.yaml
    sha256: 637fb77049b25560622a224845b7acfe81a09fdb6a96a3c75997a10b651667f6
  original: lts-16.31
