# This file was autogenerated by Stack.
# You should not edit this file by hand.
# For more information, please see the documentation at:
#   https://docs.haskellstack.org/en/stable/lock_files

packages:
- completed:
    hackage: aws-lambda-runtime-0.0.0.1@sha256:353b0c9176f24cfb4b321d2e86292cf8b83219d9e1e886781b9a5067e8dcbe4b,2018
    pantry-tree:
      size: 323
      sha256: 683b727146fddee691a4630b87e90b45503612d094b3639535ff744e5cdb246c
  original:
    hackage: aws-lambda-runtime-0.0.0.1@sha256:353b0c9176f24cfb4b321d2e86292cf8b83219d9e1e886781b9a5067e8dcbe4b,2018
- completed:
    size: 11159254
    subdir: core
    url: https://github.com/brendanhay/amazonka/archive/0d415d1efcb6e793b0eb3998c3c64a1dad0c8229.tar.gz
    name: amazonka-core
    version: 1.6.1
    sha256: 2bda73b8e5f4a289f9b4ace61d4255835f7f87657cbc24a66dc433b0a915563a
    pantry-tree:
      size: 3484
      sha256: dbd45ae65d2df195ac670bed949d98ab3764bf5c691594c861337d8228ccc9fb
  original:
    subdir: core
    url: https://github.com/brendanhay/amazonka/archive/0d415d1efcb6e793b0eb3998c3c64a1dad0c8229.tar.gz
- completed:
    size: 11159254
    subdir: amazonka
    url: https://github.com/brendanhay/amazonka/archive/0d415d1efcb6e793b0eb3998c3c64a1dad0c8229.tar.gz
    name: amazonka
    version: 1.6.1
    sha256: 2bda73b8e5f4a289f9b4ace61d4255835f7f87657cbc24a66dc433b0a915563a
    pantry-tree:
      size: 1038
      sha256: 59c7840fe6c9609d1d5022149010e72db5778e4978b9384b6dee8a4a207c96b3
  original:
    subdir: amazonka
    url: https://github.com/brendanhay/amazonka/archive/0d415d1efcb6e793b0eb3998c3c64a1dad0c8229.tar.gz
- completed:
    size: 11159254
    subdir: amazonka-ec2
    url: https://github.com/brendanhay/amazonka/archive/0d415d1efcb6e793b0eb3998c3c64a1dad0c8229.tar.gz
    name: amazonka-ec2
    version: 1.6.1
    sha256: 2bda73b8e5f4a289f9b4ace61d4255835f7f87657cbc24a66dc433b0a915563a
    pantry-tree:
      size: 67103
      sha256: 4726af99c6717560861f41054fae3e4dd884bd053d5f11ba724f72dec879092e
  original:
    subdir: amazonka-ec2
    url: https://github.com/brendanhay/amazonka/archive/0d415d1efcb6e793b0eb3998c3c64a1dad0c8229.tar.gz
snapshots:
- completed:
    size: 562473
    url: https://raw.githubusercontent.com/commercialhaskell/stackage-snapshots/master/nightly/2021/1/17.yaml
    sha256: 217ab7f1d59382a906fa39845ccf245759df4564846bcc4cfc859424a8f2d9e0
  original: nightly-2021-01-17
